{
  "version": 4,
  "terraform_version": "1.11.2",
  "serial": 16,
  "lineage": "93ce7ddd-464f-3e86-b535-d8991d649351",
  "outputs": {
    "ci_password": {
      "value": "admin",
      "type": "string",
      "sensitive": true
    },
    "ssh_private_key_path": {
      "value": "C:/Users/steph/.ssh/proxmox",
      "type": "string",
      "sensitive": true
    },
    "ssh_public_key_path": {
      "value": "C:/Users/steph/.ssh/proxmox.pub",
      "type": "string"
    },
    "vm_ip": {
      "value": "192.168.222.50/24",
      "type": "string"
    }
  },
  "resources": [
    {
      "mode": "managed",
      "type": "proxmox_virtual_environment_container",
      "name": "debian_container",
      "provider": "provider[\"registry.terraform.io/bpg/proxmox\"]",
      "instances": [
        {
          "schema_version": 0,
          "attributes": {
            "clone": [],
            "console": [],
            "cpu": [
              {
                "architecture": "amd64",
                "cores": 1,
                "units": 1024
              }
            ],
            "description": "lxc_test\n",
            "device_passthrough": [],
            "disk": [
              {
                "datastore_id": "local-lvm",
                "size": 20
              }
            ],
            "features": [
              {
                "fuse": false,
                "keyctl": false,
                "mount": null,
                "nesting": true
              }
            ],
            "hook_script_file_id": null,
            "id": "124",
            "initialization": [
              {
                "dns": [
                  {
                    "domain": "localdomain",
                    "server": "",
                    "servers": [
                      "192.168.222.2",
                      "8.8.8.8"
                    ]
                  }
                ],
                "hostname": "debian-container",
                "ip_config": [
                  {
                    "ipv4": [
                      {
                        "address": "192.168.222.50/24",
                        "gateway": "192.168.222.2"
                      }
                    ],
                    "ipv6": []
                  }
                ],
                "user_account": [
                  {
                    "keys": [
                      "ssh-ed25519 AAAAC3NzaC1lZDI1NTE5AAAAICnk+4Z3NX2FOD80bOkXBfyXByeA61MtNZ1CStcU+719 proxmox\r\n"
                    ],
                    "password": "admin"
                  }
                ]
              }
            ],
            "memory": [
              {
                "dedicated": 1024,
                "swap": 512
              }
            ],
            "mount_point": [
              {
                "acl": false,
                "backup": false,
                "mount_options": null,
                "path": "/mnt/volume",
                "quota": false,
                "read_only": false,
                "replicate": true,
                "shared": false,
                "size": "10G",
                "volume": "local-lvm:vm-124-disk-1"
              }
            ],
            "network_interface": [
              {
                "bridge": "vmbr0",
                "enabled": true,
                "firewall": false,
                "mac_address": "BC:24:11:E0:64:82",
                "mtu": 0,
                "name": "vmbr0",
                "rate_limit": 0,
                "vlan_id": 0
              }
            ],
            "node_name": "pve1",
            "operating_system": [
              {
                "template_file_id": "local:vztmpl/debian-12-standard_12.7-1_amd64.tar.zst",
                "type": "debian"
              }
            ],
            "pool_id": null,
            "protection": false,
            "start_on_boot": true,
            "started": true,
            "startup": [
              {
                "down_delay": 60,
                "order": 3,
                "up_delay": 60
              }
            ],
            "tags": [
              "debian",
              "infra"
            ],
            "template": false,
            "timeout_clone": 1800,
            "timeout_create": 1800,
            "timeout_delete": 60,
            "timeout_start": 300,
            "timeout_update": 1800,
            "unprivileged": true,
            "vm_id": 124
          },
          "sensitive_attributes": [
            [
              {
                "type": "get_attr",
                "value": "initialization"
              },
              {
                "type": "index",
                "value": {
                  "value": 0,
                  "type": "number"
                }
              },
              {
                "type": "get_attr",
                "value": "user_account"
              },
              {
                "type": "index",
                "value": {
                  "value": 0,
                  "type": "number"
                }
              },
              {
                "type": "get_attr",
                "value": "password"
              }
            ]
          ],
          "private": "bnVsbA==",
          "dependencies": [
            "proxmox_virtual_environment_download_file.latest_debian_lxc_img"
          ]
        }
      ]
    },
    {
      "mode": "managed",
      "type": "proxmox_virtual_environment_download_file",
      "name": "latest_debian_lxc_img",
      "provider": "provider[\"registry.terraform.io/bpg/proxmox\"]",
      "instances": [
        {
          "schema_version": 0,
          "attributes": {
            "checksum": null,
            "checksum_algorithm": null,
            "content_type": "vztmpl",
            "datastore_id": "local",
            "decompression_algorithm": null,
            "file_name": "debian-12-standard_12.7-1_amd64.tar.zst",
            "id": "local:vztmpl/debian-12-standard_12.7-1_amd64.tar.zst",
            "node_name": "pve1",
            "overwrite": true,
            "overwrite_unmanaged": false,
            "size": 126515062,
            "upload_timeout": 600,
            "url": "http://download.proxmox.com/images/system/debian-12-standard_12.7-1_amd64.tar.zst",
            "verify": true
          },
          "sensitive_attributes": []
        }
      ]
    }
  ],
  "check_results": null
}
